{
  "name": "shelf-api",
  "lockfileVersion": 3,
  "requires": true,
  "packages": {
    "": {
      "devDependencies": {
        "dbmate": "^2.34.1"
      }
    },
    "node_modules/@dbmate/darwin-arm64": {
      "version": "2.34.1",
      "resolved": "https://registry.npmjs.org/@dbmate/darwin-arm64/-/darwin-arm64-2.34.1.tgz",
      "integrity": "sha512-Ez6UWKuws/E/yMGgVyUZ5ngbe/hMYFOV31pZIwTp7dcT8yGL4JV5ayOYbHHnvwiX9Ram28p7JwXntDh1jI2TFw==",
      "cpu": [
        "arm64"
      ],
      "dev": true,
      "license": "MIT",
      "optional": true,
      "os": [
        "darwin"
      ]
    },
    "node_modules/@dbmate/darwin-x64": {
      "version": "2.34.1",
      "resolved": "https://registry.npmjs.org/@dbmate/darwin-x64/-/darwin-x64-2.34.1.tgz",
      "integrity": "sha512-aAGZCFum2PeAsbQXeKorIjjn8tbhCSCOYEILLCeAe++egPLk6dttXwf+5sLeBFtnZfy47tb3vgo07MKVMCcOWQ==",
      "cpu": [
        "x64"
      ],
      "dev": true,
      "license": "MIT",
      "optional": true,
      "os": [
        "darwin"
      ]
    },
    "node_modules/@dbmate/linux-arm": {
      "version": "2.34.1",
      "resolved": "https://registry.npmjs.org/@dbmate/linux-arm/-/linux-arm-2.34.1.tgz",
      "integrity": "sha512-rOFS9es48gYdUHPN/MDbNueWWEL7BEtglehPFMg6kUnKykBifde4EoEReiK8/okiCvtdOYPBFOio7vWQ4nwlPg==",
      "cpu": [
        "arm"
      ],
      "dev": true,
      "license": "MIT",
      "optional": true,
      "os": [
        "linux"
      ]
    },
    "node_modules/@dbmate/linux-arm64": {
      "version": "2.34.1",
      "resolved": "https://registry.npmjs.org/@dbmate/linux-arm64/-/linux-arm64-2.34.1.tgz",
      "integrity": "sha512-TXxc8l8vnNrAqqEUgIkSjJ4ILyHd8a7iRUcRl8BJ/8l7tfHuscffCMxDB5+NOz/d10HnUcaJcOXerpIzPlpORA==",
      "cpu": [
        "arm64"
      ],
      "dev": true,
      "license": "MIT",
      "optional": true,
      "os": [
        "linux"
      ]
    },
    "node_modules/@dbmate/linux-ia32": {
      "version": "2.34.1",
      "resolved": "https://registry.npmjs.org/@dbmate/linux-ia32/-/linux-ia32-2.34.1.tgz",
      "integrity": "sha512-wiR1ai3+KKYfZTcLZx430hAqmE2hA5hCCZG/hMwnQgERU3ziygpAheuw0fEC5TYcS3KltldtGSLEd7ls+pdNDQ==",
      "cpu": [
        "ia32"
      ],
      "dev": true,
      "license": "MIT",
      "optional": true,
      "os": [
        "linux"
      ]
    },
    "node_modules/@dbmate/linux-x64": {
      "version": "2.34.1",
      "resolved": "https://registry.npmjs.org/@dbmate/linux-x64/-/linux-x64-2.34.1.tgz",
      "integrity": "sha512-cJ4B+SKqgJaIAfF5lgUUe50j3dYAczlWolL47qXLiTqAlut+KmGvL0kxdRiUYAOtSml+jEu1mqRXLHv5EX4ZmQ==",
      "cpu": [
        "x64"
      ],
      "dev": true,
      "license": "MIT",
      "optional": true,
      "os": [
        "linux"
      ]
    },
    "node_modules/@dbmate/win32-x64": {
      "version": "2.34.1",
      "resolved": "https://registry.npmjs.org/@dbmate/win32-x64/-/win32-x64-2.34.1.tgz",
      "integrity": "sha512-HmrBbB+Hsc3u9sDa40q656Nu9RnNP26nI8NbYwuypikElI4DTJbSUC5qktMrKYruk9FRZqXA2TpkCcDxhr3rXQ==",
      "cpu": [
        "x64"
      ],
      "dev": true,
      "license": "MIT",
      "optional": true,
      "os": [
        "win32"
      ]
    },
    "node_modules/dbmate": {
      "version": "2.34.1",
      "resolved": "https://registry.npmjs.org/dbmate/-/dbmate-2.34.1.tgz",
      "integrity": "sha512-fB+M/mnR0b6uyaPTK4ng7CDb2dHsEnxdkUCkQKiNq/I9mwExb/W11UEmhmdcxpBRm30I+E5TApf15PfDpEnEZA==",
      "dev": true,
      "license": "MIT",
      "bin": {
        "dbmate": "dist/cli.js"
      },
      "optionalDependencies": {
        "@dbmate/darwin-arm64": "2.34.1",
        "@dbmate/darwin-x64": "2.34.1",
        "@dbmate/linux-arm": "2.34.1",
        "@dbmate/linux-arm64": "2.34.1",
        "@dbmate/linux-ia32": "2.34.1",
        "@dbmate/linux-x64": "2.34.1",
        "@dbmate/win32-x64": "2.34.1"
      }
    }
  }
}
